
Microsoft Visual Studio Solution File, Format Version 12.00
# Visual Studio 15
VisualStudioVersion = 15.0.28307.1062
MinimumVisualStudioVersion = 10.0.40219.1
Project("{FAE04EC0-301F-11D3-BF4B-00C04F79EFBC}") = "WeatherBot", "WeatherBot\WeatherBot.csproj", "{59897966-F45D-4161-8E7E-FE55DAACBD96}"
EndProject
Global
	GlobalSection(SolutionConfigurationPlatforms) = preSolution
		Debug|Any CPU = Debug|Any CPU
		Release|Any CPU = Release|Any CPU
	EndGlobalSection
	GlobalSection(ProjectConfigurationPlatforms) = postSolution
		{59897966-F45D-4161-8E7E-FE55DAACBD96}.Debug|Any CPU.ActiveCfg = Debug|Any CPU
		{59897966-F45D-4161-8E7E-FE55DAACBD96}.Debug|Any CPU.Build.0 = Debug|Any CPU
		{59897966-F45D-4161-8E7E-FE55DAACBD96}.Release|Any CPU.ActiveCfg = Release|Any CPU
		{59897966-F45D-4161-8E7E-FE55DAACBD96}.Release|Any CPU.Build.0 = Release|Any CPU
	EndGlobalSection
	GlobalSection(SolutionProperties) = preSolution
		HideSolutionNode = FALSE
	EndGlobalSection
	GlobalSection(ExtensibilityGlobals) = postSolution
		SolutionGuid = {16131D20-3858-48DA-AC2E-100300617620}
	EndGlobalSection
EndGlobal
